
Microsoft Visual Studio Solution File, Format Version 12.00
# Visual Studio 15
VisualStudioVersion = 15.0.26430.13
MinimumVisualStudioVersion = 10.0.40219.1
Project("{2150E333-8FDC-42A3-9474-1A3956D46DE8}") = "Examples", "Examples", "{49C7015B-F41A-47A6-8200-B925902E74E9}"
EndProject
Project("{FAE04EC0-301F-11D3-BF4B-00C04F79EFBC}") = "Stocks", "examples\Stocks\Stocks.csproj", "{9E5D6B89-B69B-486B-9F7B-406BE8690589}"
EndProject
Project("{FAE04EC0-301F-11D3-BF4B-00C04F79EFBC}") = "SQLite.Net.Standard", "src\SQLite.Net.Standard\SQLite.Net.Standard.csproj", "{4971D437-0694-4297-A8CC-146CE08C3BD9}"
EndProject
Project("{D954291E-2A0B-460D-934E-DC6B0785DB48}") = "XamForms", "examples\XamForms\XamForms.shproj", "{A7C4CA4E-12A2-40B0-89C7-73C153938AE3}"
EndProject
Project("{FAE04EC0-301F-11D3-BF4B-00C04F79EFBC}") = "XamForms.UWP", "examples\XamForms.UWP\XamForms.UWP.csproj", "{C63C5247-D337-4525-A705-42366FA1A05D}"
EndProject
Project("{FAE04EC0-301F-11D3-BF4B-00C04F79EFBC}") = "SQLite.Net.Standard.SampleShared", "SQLite.Net.Standard.SampleShared\SQLite.Net.Standard.SampleShared.csproj", "{F9A8FBFB-5393-4C69-A84C-21321DBB75EA}"
EndProject
Global
	GlobalSection(SharedMSBuildProjectFiles) = preSolution
		examples\XamForms\XamForms.projitems*{a7c4ca4e-12a2-40b0-89c7-73c153938ae3}*SharedItemsImports = 13
		examples\XamForms\XamForms.projitems*{c63c5247-d337-4525-a705-42366fa1a05d}*SharedItemsImports = 4
	EndGlobalSection
	GlobalSection(SolutionConfigurationPlatforms) = preSolution
		Ad-Hoc|Any CPU = Ad-Hoc|Any CPU
		Ad-Hoc|ARM = Ad-Hoc|ARM
		Ad-Hoc|iPhone = Ad-Hoc|iPhone
		Ad-Hoc|iPhoneSimulator = Ad-Hoc|iPhoneSimulator
		Ad-Hoc|Mixed Platforms = Ad-Hoc|Mixed Platforms
		Ad-Hoc|x64 = Ad-Hoc|x64
		Ad-Hoc|x86 = Ad-Hoc|x86
		AppStore|Any CPU = AppStore|Any CPU
		AppStore|ARM = AppStore|ARM
		AppStore|iPhone = AppStore|iPhone
		AppStore|iPhoneSimulator = AppStore|iPhoneSimulator
		AppStore|Mixed Platforms = AppStore|Mixed Platforms
		AppStore|x64 = AppStore|x64
		AppStore|x86 = AppStore|x86
		Debug|Any CPU = Debug|Any CPU
		Debug|ARM = Debug|ARM
		Debug|iPhone = Debug|iPhone
		Debug|iPhoneSimulator = Debug|iPhoneSimulator
		Debug|Mixed Platforms = Debug|Mixed Platforms
		Debug|x64 = Debug|x64
		Debug|x86 = Debug|x86
		Release|Any CPU = Release|Any CPU
		Release|ARM = Release|ARM
		Release|iPhone = Release|iPhone
		Release|iPhoneSimulator = Release|iPhoneSimulator
		Release|Mixed Platforms = Release|Mixed Platforms
		Release|x64 = Release|x64
		Release|x86 = Release|x86
	EndGlobalSection
	GlobalSection(ProjectConfigurationPlatforms) = postSolution
		{9E5D6B89-B69B-486B-9F7B-406BE8690589}.Ad-Hoc|Any CPU.ActiveCfg = Release|Any CPU
		{9E5D6B89-B69B-486B-9F7B-406BE8690589}.Ad-Hoc|Any CPU.Build.0 = Release|Any CPU
		{9E5D6B89-B69B-486B-9F7B-406BE8690589}.Ad-Hoc|ARM.ActiveCfg = Release|Any CPU
		{9E5D6B89-B69B-486B-9F7B-406BE8690589}.Ad-Hoc|iPhone.ActiveCfg = Release|Any CPU
		{9E5D6B89-B69B-486B-9F7B-406BE8690589}.Ad-Hoc|iPhoneSimulator.ActiveCfg = Release|Any CPU
		{9E5D6B89-B69B-486B-9F7B-406BE8690589}.Ad-Hoc|Mixed Platforms.ActiveCfg = Release|Any CPU
		{9E5D6B89-B69B-486B-9F7B-406BE8690589}.Ad-Hoc|Mixed Platforms.Build.0 = Release|Any CPU
		{9E5D6B89-B69B-486B-9F7B-406BE8690589}.Ad-Hoc|x64.ActiveCfg = Release|Any CPU
		{9E5D6B89-B69B-486B-9F7B-406BE8690589}.Ad-Hoc|x86.ActiveCfg = Release|Any CPU
		{9E5D6B89-B69B-486B-9F7B-406BE8690589}.AppStore|Any CPU.ActiveCfg = Release|Any CPU
		{9E5D6B89-B69B-486B-9F7B-406BE8690589}.AppStore|Any CPU.Build.0 = Release|Any CPU
		{9E5D6B89-B69B-486B-9F7B-406BE8690589}.AppStore|ARM.ActiveCfg = Release|Any CPU
		{9E5D6B89-B69B-486B-9F7B-406BE8690589}.AppStore|iPhone.ActiveCfg = Release|Any CPU
		{9E5D6B89-B69B-486B-9F7B-406BE8690589}.AppStore|iPhoneSimulator.ActiveCfg = Release|Any CPU
		{9E5D6B89-B69B-486B-9F7B-406BE8690589}.AppStore|Mixed Platforms.ActiveCfg = Release|Any CPU
		{9E5D6B89-B69B-486B-9F7B-406BE8690589}.AppStore|Mixed Platforms.Build.0 = Release|Any CPU
		{9E5D6B89-B69B-486B-9F7B-406BE8690589}.AppStore|x64.ActiveCfg = Release|Any CPU
		{9E5D6B89-B69B-486B-9F7B-406BE8690589}.AppStore|x86.ActiveCfg = Release|Any CPU
		{9E5D6B89-B69B-486B-9F7B-406BE8690589}.Debug|Any CPU.ActiveCfg = Debug|Any CPU
		{9E5D6B89-B69B-486B-9F7B-406BE8690589}.Debug|Any CPU.Build.0 = Debug|Any CPU
		{9E5D6B89-B69B-486B-9F7B-406BE8690589}.Debug|ARM.ActiveCfg = Debug|Any CPU
		{9E5D6B89-B69B-486B-9F7B-406BE8690589}.Debug|iPhone.ActiveCfg = Debug|Any CPU
		{9E5D6B89-B69B-486B-9F7B-406BE8690589}.Debug|iPhone.Build.0 = Debug|Any CPU
		{9E5D6B89-B69B-486B-9F7B-406BE8690589}.Debug|iPhone.Deploy.0 = Debug|Any CPU
		{9E5D6B89-B69B-486B-9F7B-406BE8690589}.Debug|iPhoneSimulator.ActiveCfg = Debug|Any CPU
		{9E5D6B89-B69B-486B-9F7B-406BE8690589}.Debug|Mixed Platforms.ActiveCfg = Debug|Any CPU
		{9E5D6B89-B69B-486B-9F7B-406BE8690589}.Debug|Mixed Platforms.Build.0 = Debug|Any CPU
		{9E5D6B89-B69B-486B-9F7B-406BE8690589}.Debug|x64.ActiveCfg = Debug|Any CPU
		{9E5D6B89-B69B-486B-9F7B-406BE8690589}.Debug|x86.ActiveCfg = Debug|Any CPU
		{9E5D6B89-B69B-486B-9F7B-406BE8690589}.Debug|x86.Build.0 = Debug|Any CPU
		{9E5D6B89-B69B-486B-9F7B-406BE8690589}.Release|Any CPU.ActiveCfg = Release|Any CPU
		{9E5D6B89-B69B-486B-9F7B-406BE8690589}.Release|Any CPU.Build.0 = Release|Any CPU
		{9E5D6B89-B69B-486B-9F7B-406BE8690589}.Release|ARM.ActiveCfg = Release|Any CPU
		{9E5D6B89-B69B-486B-9F7B-406BE8690589}.Release|iPhone.ActiveCfg = Release|Any CPU
		{9E5D6B89-B69B-486B-9F7B-406BE8690589}.Release|iPhoneSimulator.ActiveCfg = Release|Any CPU
		{9E5D6B89-B69B-486B-9F7B-406BE8690589}.Release|Mixed Platforms.ActiveCfg = Release|Any CPU
		{9E5D6B89-B69B-486B-9F7B-406BE8690589}.Release|Mixed Platforms.Build.0 = Release|Any CPU
		{9E5D6B89-B69B-486B-9F7B-406BE8690589}.Release|x64.ActiveCfg = Release|Any CPU
		{9E5D6B89-B69B-486B-9F7B-406BE8690589}.Release|x86.ActiveCfg = Release|Any CPU
		{4971D437-0694-4297-A8CC-146CE08C3BD9}.Ad-Hoc|Any CPU.ActiveCfg = Release|Any CPU
		{4971D437-0694-4297-A8CC-146CE08C3BD9}.Ad-Hoc|Any CPU.Build.0 = Release|Any CPU
		{4971D437-0694-4297-A8CC-146CE08C3BD9}.Ad-Hoc|ARM.ActiveCfg = Release|Any CPU
		{4971D437-0694-4297-A8CC-146CE08C3BD9}.Ad-Hoc|iPhone.ActiveCfg = Release|Any CPU
		{4971D437-0694-4297-A8CC-146CE08C3BD9}.Ad-Hoc|iPhone.Build.0 = Release|Any CPU
		{4971D437-0694-4297-A8CC-146CE08C3BD9}.Ad-Hoc|iPhoneSimulator.ActiveCfg = Release|Any CPU
		{4971D437-0694-4297-A8CC-146CE08C3BD9}.Ad-Hoc|iPhoneSimulator.Build.0 = Release|Any CPU
		{4971D437-0694-4297-A8CC-146CE08C3BD9}.Ad-Hoc|Mixed Platforms.ActiveCfg = Release|Any CPU
		{4971D437-0694-4297-A8CC-146CE08C3BD9}.Ad-Hoc|Mixed Platforms.Build.0 = Release|Any CPU
		{4971D437-0694-4297-A8CC-146CE08C3BD9}.Ad-Hoc|x64.ActiveCfg = Release|Any CPU
		{4971D437-0694-4297-A8CC-146CE08C3BD9}.Ad-Hoc|x64.Build.0 = Release|Any CPU
		{4971D437-0694-4297-A8CC-146CE08C3BD9}.Ad-Hoc|x86.ActiveCfg = Release|Any CPU
		{4971D437-0694-4297-A8CC-146CE08C3BD9}.AppStore|Any CPU.ActiveCfg = Release|Any CPU
		{4971D437-0694-4297-A8CC-146CE08C3BD9}.AppStore|Any CPU.Build.0 = Release|Any CPU
		{4971D437-0694-4297-A8CC-146CE08C3BD9}.AppStore|ARM.ActiveCfg = Release|Any CPU
		{4971D437-0694-4297-A8CC-146CE08C3BD9}.AppStore|iPhone.ActiveCfg = Release|Any CPU
		{4971D437-0694-4297-A8CC-146CE08C3BD9}.AppStore|iPhoneSimulator.ActiveCfg = Release|Any CPU
		{4971D437-0694-4297-A8CC-146CE08C3BD9}.AppStore|iPhoneSimulator.Build.0 = Release|Any CPU
		{4971D437-0694-4297-A8CC-146CE08C3BD9}.AppStore|Mixed Platforms.ActiveCfg = Release|Any CPU
		{4971D437-0694-4297-A8CC-146CE08C3BD9}.AppStore|Mixed Platforms.Build.0 = Release|Any CPU
		{4971D437-0694-4297-A8CC-146CE08C3BD9}.AppStore|x64.ActiveCfg = Release|Any CPU
		{4971D437-0694-4297-A8CC-146CE08C3BD9}.AppStore|x86.ActiveCfg = Release|Any CPU
		{4971D437-0694-4297-A8CC-146CE08C3BD9}.Debug|Any CPU.ActiveCfg = Debug|Any CPU
		{4971D437-0694-4297-A8CC-146CE08C3BD9}.Debug|Any CPU.Build.0 = Debug|Any CPU
		{4971D437-0694-4297-A8CC-146CE08C3BD9}.Debug|ARM.ActiveCfg = Debug|Any CPU
		{4971D437-0694-4297-A8CC-146CE08C3BD9}.Debug|iPhone.ActiveCfg = Debug|Any CPU
		{4971D437-0694-4297-A8CC-146CE08C3BD9}.Debug|iPhone.Build.0 = Debug|Any CPU
		{4971D437-0694-4297-A8CC-146CE08C3BD9}.Debug|iPhoneSimulator.ActiveCfg = Debug|Any CPU
		{4971D437-0694-4297-A8CC-146CE08C3BD9}.Debug|iPhoneSimulator.Build.0 = Debug|Any CPU
		{4971D437-0694-4297-A8CC-146CE08C3BD9}.Debug|Mixed Platforms.ActiveCfg = Debug|Any CPU
		{4971D437-0694-4297-A8CC-146CE08C3BD9}.Debug|Mixed Platforms.Build.0 = Debug|Any CPU
		{4971D437-0694-4297-A8CC-146CE08C3BD9}.Debug|x64.ActiveCfg = Debug|Any CPU
		{4971D437-0694-4297-A8CC-146CE08C3BD9}.Debug|x64.Build.0 = Debug|Any CPU
		{4971D437-0694-4297-A8CC-146CE08C3BD9}.Debug|x86.ActiveCfg = Debug|Any CPU
		{4971D437-0694-4297-A8CC-146CE08C3BD9}.Debug|x86.Build.0 = Debug|Any CPU
		{4971D437-0694-4297-A8CC-146CE08C3BD9}.Release|Any CPU.ActiveCfg = Release|Any CPU
		{4971D437-0694-4297-A8CC-146CE08C3BD9}.Release|Any CPU.Build.0 = Release|Any CPU
		{4971D437-0694-4297-A8CC-146CE08C3BD9}.Release|ARM.ActiveCfg = Release|Any CPU
		{4971D437-0694-4297-A8CC-146CE08C3BD9}.Release|ARM.Build.0 = Release|Any CPU
		{4971D437-0694-4297-A8CC-146CE08C3BD9}.Release|iPhone.ActiveCfg = Release|Any CPU
		{4971D437-0694-4297-A8CC-146CE08C3BD9}.Release|iPhone.Build.0 = Release|Any CPU
		{4971D437-0694-4297-A8CC-146CE08C3BD9}.Release|iPhoneSimulator.ActiveCfg = Release|Any CPU
		{4971D437-0694-4297-A8CC-146CE08C3BD9}.Release|iPhoneSimulator.Build.0 = Release|Any CPU
		{4971D437-0694-4297-A8CC-146CE08C3BD9}.Release|Mixed Platforms.ActiveCfg = Release|Any CPU
		{4971D437-0694-4297-A8CC-146CE08C3BD9}.Release|Mixed Platforms.Build.0 = Release|Any CPU
		{4971D437-0694-4297-A8CC-146CE08C3BD9}.Release|x64.ActiveCfg = Release|Any CPU
		{4971D437-0694-4297-A8CC-146CE08C3BD9}.Release|x64.Build.0 = Release|Any CPU
		{4971D437-0694-4297-A8CC-146CE08C3BD9}.Release|x86.ActiveCfg = Release|Any CPU
		{4971D437-0694-4297-A8CC-146CE08C3BD9}.Release|x86.Build.0 = Release|Any CPU
		{C63C5247-D337-4525-A705-42366FA1A05D}.Ad-Hoc|Any CPU.ActiveCfg = Release|x86
		{C63C5247-D337-4525-A705-42366FA1A05D}.Ad-Hoc|Any CPU.Build.0 = Release|x86
		{C63C5247-D337-4525-A705-42366FA1A05D}.Ad-Hoc|Any CPU.Deploy.0 = Release|x86
		{C63C5247-D337-4525-A705-42366FA1A05D}.Ad-Hoc|ARM.ActiveCfg = Release|ARM
		{C63C5247-D337-4525-A705-42366FA1A05D}.Ad-Hoc|ARM.Build.0 = Release|ARM
		{C63C5247-D337-4525-A705-42366FA1A05D}.Ad-Hoc|ARM.Deploy.0 = Release|ARM
		{C63C5247-D337-4525-A705-42366FA1A05D}.Ad-Hoc|iPhone.ActiveCfg = Release|x86
		{C63C5247-D337-4525-A705-42366FA1A05D}.Ad-Hoc|iPhone.Build.0 = Release|x86
		{C63C5247-D337-4525-A705-42366FA1A05D}.Ad-Hoc|iPhone.Deploy.0 = Release|x86
		{C63C5247-D337-4525-A705-42366FA1A05D}.Ad-Hoc|iPhoneSimulator.ActiveCfg = Release|x86
		{C63C5247-D337-4525-A705-42366FA1A05D}.Ad-Hoc|iPhoneSimulator.Build.0 = Release|x86
		{C63C5247-D337-4525-A705-42366FA1A05D}.Ad-Hoc|iPhoneSimulator.Deploy.0 = Release|x86
		{C63C5247-D337-4525-A705-42366FA1A05D}.Ad-Hoc|Mixed Platforms.ActiveCfg = Release|x86
		{C63C5247-D337-4525-A705-42366FA1A05D}.Ad-Hoc|Mixed Platforms.Build.0 = Release|x86
		{C63C5247-D337-4525-A705-42366FA1A05D}.Ad-Hoc|Mixed Platforms.Deploy.0 = Release|x86
		{C63C5247-D337-4525-A705-42366FA1A05D}.Ad-Hoc|x64.ActiveCfg = Release|x64
		{C63C5247-D337-4525-A705-42366FA1A05D}.Ad-Hoc|x64.Build.0 = Release|x64
		{C63C5247-D337-4525-A705-42366FA1A05D}.Ad-Hoc|x64.Deploy.0 = Release|x64
		{C63C5247-D337-4525-A705-42366FA1A05D}.Ad-Hoc|x86.ActiveCfg = Release|x86
		{C63C5247-D337-4525-A705-42366FA1A05D}.Ad-Hoc|x86.Build.0 = Release|x86
		{C63C5247-D337-4525-A705-42366FA1A05D}.Ad-Hoc|x86.Deploy.0 = Release|x86
		{C63C5247-D337-4525-A705-42366FA1A05D}.AppStore|Any CPU.ActiveCfg = Release|x86
		{C63C5247-D337-4525-A705-42366FA1A05D}.AppStore|Any CPU.Build.0 = Release|x86
		{C63C5247-D337-4525-A705-42366FA1A05D}.AppStore|Any CPU.Deploy.0 = Release|x86
		{C63C5247-D337-4525-A705-42366FA1A05D}.AppStore|ARM.ActiveCfg = Release|ARM
		{C63C5247-D337-4525-A705-42366FA1A05D}.AppStore|ARM.Build.0 = Release|ARM
		{C63C5247-D337-4525-A705-42366FA1A05D}.AppStore|ARM.Deploy.0 = Release|ARM
		{C63C5247-D337-4525-A705-42366FA1A05D}.AppStore|iPhone.ActiveCfg = Release|x86
		{C63C5247-D337-4525-A705-42366FA1A05D}.AppStore|iPhone.Build.0 = Release|x86
		{C63C5247-D337-4525-A705-42366FA1A05D}.AppStore|iPhone.Deploy.0 = Release|x86
		{C63C5247-D337-4525-A705-42366FA1A05D}.AppStore|iPhoneSimulator.ActiveCfg = Release|x86
		{C63C5247-D337-4525-A705-42366FA1A05D}.AppStore|iPhoneSimulator.Build.0 = Release|x86
		{C63C5247-D337-4525-A705-42366FA1A05D}.AppStore|iPhoneSimulator.Deploy.0 = Release|x86
		{C63C5247-D337-4525-A705-42366FA1A05D}.AppStore|Mixed Platforms.ActiveCfg = Release|x86
		{C63C5247-D337-4525-A705-42366FA1A05D}.AppStore|Mixed Platforms.Build.0 = Release|x86
		{C63C5247-D337-4525-A705-42366FA1A05D}.AppStore|Mixed Platforms.Deploy.0 = Release|x86
		{C63C5247-D337-4525-A705-42366FA1A05D}.AppStore|x64.ActiveCfg = Release|x64
		{C63C5247-D337-4525-A705-42366FA1A05D}.AppStore|x64.Build.0 = Release|x64
		{C63C5247-D337-4525-A705-42366FA1A05D}.AppStore|x64.Deploy.0 = Release|x64
		{C63C5247-D337-4525-A705-42366FA1A05D}.AppStore|x86.ActiveCfg = Release|x86
		{C63C5247-D337-4525-A705-42366FA1A05D}.AppStore|x86.Build.0 = Release|x86
		{C63C5247-D337-4525-A705-42366FA1A05D}.AppStore|x86.Deploy.0 = Release|x86
		{C63C5247-D337-4525-A705-42366FA1A05D}.Debug|Any CPU.ActiveCfg = Debug|x86
		{C63C5247-D337-4525-A705-42366FA1A05D}.Debug|ARM.ActiveCfg = Debug|ARM
		{C63C5247-D337-4525-A705-42366FA1A05D}.Debug|ARM.Build.0 = Debug|ARM
		{C63C5247-D337-4525-A705-42366FA1A05D}.Debug|ARM.Deploy.0 = Debug|ARM
		{C63C5247-D337-4525-A705-42366FA1A05D}.Debug|iPhone.ActiveCfg = Debug|x86
		{C63C5247-D337-4525-A705-42366FA1A05D}.Debug|iPhoneSimulator.ActiveCfg = Debug|x86
		{C63C5247-D337-4525-A705-42366FA1A05D}.Debug|Mixed Platforms.ActiveCfg = Debug|x86
		{C63C5247-D337-4525-A705-42366FA1A05D}.Debug|Mixed Platforms.Build.0 = Debug|x86
		{C63C5247-D337-4525-A705-42366FA1A05D}.Debug|Mixed Platforms.Deploy.0 = Debug|x86
		{C63C5247-D337-4525-A705-42366FA1A05D}.Debug|x64.ActiveCfg = Debug|x64
		{C63C5247-D337-4525-A705-42366FA1A05D}.Debug|x64.Build.0 = Debug|x64
		{C63C5247-D337-4525-A705-42366FA1A05D}.Debug|x64.Deploy.0 = Debug|x64
		{C63C5247-D337-4525-A705-42366FA1A05D}.Debug|x86.ActiveCfg = Debug|x86
		{C63C5247-D337-4525-A705-42366FA1A05D}.Debug|x86.Build.0 = Debug|x86
		{C63C5247-D337-4525-A705-42366FA1A05D}.Debug|x86.Deploy.0 = Debug|x86
		{C63C5247-D337-4525-A705-42366FA1A05D}.Release|Any CPU.ActiveCfg = Release|x86
		{C63C5247-D337-4525-A705-42366FA1A05D}.Release|ARM.ActiveCfg = Release|ARM
		{C63C5247-D337-4525-A705-42366FA1A05D}.Release|ARM.Build.0 = Release|ARM
		{C63C5247-D337-4525-A705-42366FA1A05D}.Release|ARM.Deploy.0 = Release|ARM
		{C63C5247-D337-4525-A705-42366FA1A05D}.Release|iPhone.ActiveCfg = Release|x86
		{C63C5247-D337-4525-A705-42366FA1A05D}.Release|iPhoneSimulator.ActiveCfg = Release|x86
		{C63C5247-D337-4525-A705-42366FA1A05D}.Release|Mixed Platforms.ActiveCfg = Release|x86
		{C63C5247-D337-4525-A705-42366FA1A05D}.Release|Mixed Platforms.Build.0 = Release|x86
		{C63C5247-D337-4525-A705-42366FA1A05D}.Release|Mixed Platforms.Deploy.0 = Release|x86
		{C63C5247-D337-4525-A705-42366FA1A05D}.Release|x64.ActiveCfg = Release|x64
		{C63C5247-D337-4525-A705-42366FA1A05D}.Release|x64.Build.0 = Release|x64
		{C63C5247-D337-4525-A705-42366FA1A05D}.Release|x64.Deploy.0 = Release|x64
		{C63C5247-D337-4525-A705-42366FA1A05D}.Release|x86.ActiveCfg = Release|x86
		{C63C5247-D337-4525-A705-42366FA1A05D}.Release|x86.Build.0 = Release|x86
		{C63C5247-D337-4525-A705-42366FA1A05D}.Release|x86.Deploy.0 = Release|x86
		{F9A8FBFB-5393-4C69-A84C-21321DBB75EA}.Ad-Hoc|Any CPU.ActiveCfg = Debug|Any CPU
		{F9A8FBFB-5393-4C69-A84C-21321DBB75EA}.Ad-Hoc|Any CPU.Build.0 = Debug|Any CPU
		{F9A8FBFB-5393-4C69-A84C-21321DBB75EA}.Ad-Hoc|ARM.ActiveCfg = Debug|Any CPU
		{F9A8FBFB-5393-4C69-A84C-21321DBB75EA}.Ad-Hoc|ARM.Build.0 = Debug|Any CPU
		{F9A8FBFB-5393-4C69-A84C-21321DBB75EA}.Ad-Hoc|iPhone.ActiveCfg = Debug|Any CPU
		{F9A8FBFB-5393-4C69-A84C-21321DBB75EA}.Ad-Hoc|iPhone.Build.0 = Debug|Any CPU
		{F9A8FBFB-5393-4C69-A84C-21321DBB75EA}.Ad-Hoc|iPhoneSimulator.ActiveCfg = Debug|Any CPU
		{F9A8FBFB-5393-4C69-A84C-21321DBB75EA}.Ad-Hoc|iPhoneSimulator.Build.0 = Debug|Any CPU
		{F9A8FBFB-5393-4C69-A84C-21321DBB75EA}.Ad-Hoc|Mixed Platforms.ActiveCfg = Debug|Any CPU
		{F9A8FBFB-5393-4C69-A84C-21321DBB75EA}.Ad-Hoc|Mixed Platforms.Build.0 = Debug|Any CPU
		{F9A8FBFB-5393-4C69-A84C-21321DBB75EA}.Ad-Hoc|x64.ActiveCfg = Debug|Any CPU
		{F9A8FBFB-5393-4C69-A84C-21321DBB75EA}.Ad-Hoc|x64.Build.0 = Debug|Any CPU
		{F9A8FBFB-5393-4C69-A84C-21321DBB75EA}.Ad-Hoc|x86.ActiveCfg = Debug|Any CPU
		{F9A8FBFB-5393-4C69-A84C-21321DBB75EA}.Ad-Hoc|x86.Build.0 = Debug|Any CPU
		{F9A8FBFB-5393-4C69-A84C-21321DBB75EA}.AppStore|Any CPU.ActiveCfg = Debug|Any CPU
		{F9A8FBFB-5393-4C69-A84C-21321DBB75EA}.AppStore|Any CPU.Build.0 = Debug|Any CPU
		{F9A8FBFB-5393-4C69-A84C-21321DBB75EA}.AppStore|ARM.ActiveCfg = Debug|Any CPU
		{F9A8FBFB-5393-4C69-A84C-21321DBB75EA}.AppStore|ARM.Build.0 = Debug|Any CPU
		{F9A8FBFB-5393-4C69-A84C-21321DBB75EA}.AppStore|iPhone.ActiveCfg = Debug|Any CPU
		{F9A8FBFB-5393-4C69-A84C-21321DBB75EA}.AppStore|iPhone.Build.0 = Debug|Any CPU
		{F9A8FBFB-5393-4C69-A84C-21321DBB75EA}.AppStore|iPhoneSimulator.ActiveCfg = Debug|Any CPU
		{F9A8FBFB-5393-4C69-A84C-21321DBB75EA}.AppStore|iPhoneSimulator.Build.0 = Debug|Any CPU
		{F9A8FBFB-5393-4C69-A84C-21321DBB75EA}.AppStore|Mixed Platforms.ActiveCfg = Debug|Any CPU
		{F9A8FBFB-5393-4C69-A84C-21321DBB75EA}.AppStore|Mixed Platforms.Build.0 = Debug|Any CPU
		{F9A8FBFB-5393-4C69-A84C-21321DBB75EA}.AppStore|x64.ActiveCfg = Debug|Any CPU
		{F9A8FBFB-5393-4C69-A84C-21321DBB75EA}.AppStore|x64.Build.0 = Debug|Any CPU
		{F9A8FBFB-5393-4C69-A84C-21321DBB75EA}.AppStore|x86.ActiveCfg = Debug|Any CPU
		{F9A8FBFB-5393-4C69-A84C-21321DBB75EA}.AppStore|x86.Build.0 = Debug|Any CPU
		{F9A8FBFB-5393-4C69-A84C-21321DBB75EA}.Debug|Any CPU.ActiveCfg = Debug|Any CPU
		{F9A8FBFB-5393-4C69-A84C-21321DBB75EA}.Debug|Any CPU.Build.0 = Debug|Any CPU
		{F9A8FBFB-5393-4C69-A84C-21321DBB75EA}.Debug|ARM.ActiveCfg = Debug|Any CPU
		{F9A8FBFB-5393-4C69-A84C-21321DBB75EA}.Debug|ARM.Build.0 = Debug|Any CPU
		{F9A8FBFB-5393-4C69-A84C-21321DBB75EA}.Debug|iPhone.ActiveCfg = Debug|Any CPU
		{F9A8FBFB-5393-4C69-A84C-21321DBB75EA}.Debug|iPhone.Build.0 = Debug|Any CPU
		{F9A8FBFB-5393-4C69-A84C-21321DBB75EA}.Debug|iPhoneSimulator.ActiveCfg = Debug|Any CPU
		{F9A8FBFB-5393-4C69-A84C-21321DBB75EA}.Debug|iPhoneSimulator.Build.0 = Debug|Any CPU
		{F9A8FBFB-5393-4C69-A84C-21321DBB75EA}.Debug|Mixed Platforms.ActiveCfg = Debug|Any CPU
		{F9A8FBFB-5393-4C69-A84C-21321DBB75EA}.Debug|Mixed Platforms.Build.0 = Debug|Any CPU
		{F9A8FBFB-5393-4C69-A84C-21321DBB75EA}.Debug|x64.ActiveCfg = Debug|Any CPU
		{F9A8FBFB-5393-4C69-A84C-21321DBB75EA}.Debug|x64.Build.0 = Debug|Any CPU
		{F9A8FBFB-5393-4C69-A84C-21321DBB75EA}.Debug|x86.ActiveCfg = Debug|Any CPU
		{F9A8FBFB-5393-4C69-A84C-21321DBB75EA}.Debug|x86.Build.0 = Debug|Any CPU
		{F9A8FBFB-5393-4C69-A84C-21321DBB75EA}.Release|Any CPU.ActiveCfg = Release|Any CPU
		{F9A8FBFB-5393-4C69-A84C-21321DBB75EA}.Release|Any CPU.Build.0 = Release|Any CPU
		{F9A8FBFB-5393-4C69-A84C-21321DBB75EA}.Release|ARM.ActiveCfg = Release|Any CPU
		{F9A8FBFB-5393-4C69-A84C-21321DBB75EA}.Release|ARM.Build.0 = Release|Any CPU
		{F9A8FBFB-5393-4C69-A84C-21321DBB75EA}.Release|iPhone.ActiveCfg = Release|Any CPU
		{F9A8FBFB-5393-4C69-A84C-21321DBB75EA}.Release|iPhone.Build.0 = Release|Any CPU
		{F9A8FBFB-5393-4C69-A84C-21321DBB75EA}.Release|iPhoneSimulator.ActiveCfg = Release|Any CPU
		{F9A8FBFB-5393-4C69-A84C-21321DBB75EA}.Release|iPhoneSimulator.Build.0 = Release|Any CPU
		{F9A8FBFB-5393-4C69-A84C-21321DBB75EA}.Release|Mixed Platforms.ActiveCfg = Release|Any CPU
		{F9A8FBFB-5393-4C69-A84C-21321DBB75EA}.Release|Mixed Platforms.Build.0 = Release|Any CPU
		{F9A8FBFB-5393-4C69-A84C-21321DBB75EA}.Release|x64.ActiveCfg = Release|Any CPU
		{F9A8FBFB-5393-4C69-A84C-21321DBB75EA}.Release|x64.Build.0 = Release|Any CPU
		{F9A8FBFB-5393-4C69-A84C-21321DBB75EA}.Release|x86.ActiveCfg = Release|Any CPU
		{F9A8FBFB-5393-4C69-A84C-21321DBB75EA}.Release|x86.Build.0 = Release|Any CPU
	EndGlobalSection
	GlobalSection(SolutionProperties) = preSolution
		HideSolutionNode = FALSE
	EndGlobalSection
	GlobalSection(NestedProjects) = preSolution
		{9E5D6B89-B69B-486B-9F7B-406BE8690589} = {49C7015B-F41A-47A6-8200-B925902E74E9}
		{A7C4CA4E-12A2-40B0-89C7-73C153938AE3} = {49C7015B-F41A-47A6-8200-B925902E74E9}
		{C63C5247-D337-4525-A705-42366FA1A05D} = {49C7015B-F41A-47A6-8200-B925902E74E9}
		{F9A8FBFB-5393-4C69-A84C-21321DBB75EA} = {49C7015B-F41A-47A6-8200-B925902E74E9}
	EndGlobalSection
EndGlobal
